// !$*UTF8*$!
{
	archiveVersion = 1;
	classes = {
	};
	objectVersion = 51;
	objects = {

/* Begin PBXBuildFile section */
		173477010FDF5F82D5655E93 /* Pods_Template.framework in Frameworks */ = {isa = PBXBuildFile; fileRef = D1506F229DF431862D70DE92 /* Pods_Template.framework */; };
		310FC91624192781002EFCD4 /* Register-Controller.swift in Sources */ = {isa = PBXBuildFile; fileRef = 310FC91524192781002EFCD4 /* Register-Controller.swift */; };
		310FC91924192DCE002EFCD4 /* Login.storyboard in Resources */ = {isa = PBXBuildFile; fileRef = 310FC91824192DCE002EFCD4 /* Login.storyboard */; };
		310FC91B24192EA3002EFCD4 /* Login-Controller.swift in Sources */ = {isa = PBXBuildFile; fileRef = 310FC91A24192EA3002EFCD4 /* Login-Controller.swift */; };
		310FC91E24193014002EFCD4 /* RecoverPassword.storyboard in Resources */ = {isa = PBXBuildFile; fileRef = 310FC91D24193014002EFCD4 /* RecoverPassword.storyboard */; };
		310FC9202419306E002EFCD4 /* RecoverPassword-Controller.swift in Sources */ = {isa = PBXBuildFile; fileRef = 310FC91F2419306E002EFCD4 /* RecoverPassword-Controller.swift */; };
		3147D61A241906FB00E741D3 /* AppDelegate.swift in Sources */ = {isa = PBXBuildFile; fileRef = 3147D619241906FB00E741D3 /* AppDelegate.swift */; };
		3147D61E241906FB00E741D3 /* Startup-Controller.swift in Sources */ = {isa = PBXBuildFile; fileRef = 3147D61D241906FB00E741D3 /* Startup-Controller.swift */; };
		3147D621241906FB00E741D3 /* Startup.storyboard in Resources */ = {isa = PBXBuildFile; fileRef = 3147D61F241906FB00E741D3 /* Startup.storyboard */; };
		3147D623241906FD00E741D3 /* Assets.xcassets in Resources */ = {isa = PBXBuildFile; fileRef = 3147D622241906FD00E741D3 /* Assets.xcassets */; };
		3147D626241906FD00E741D3 /* LaunchScreen.storyboard in Resources */ = {isa = PBXBuildFile; fileRef = 3147D624241906FD00E741D3 /* LaunchScreen.storyboard */; };
		31981E45241919A300D25074 /* Register.storyboard in Resources */ = {isa = PBXBuildFile; fileRef = 31981E44241919A300D25074 /* Register.storyboard */; };
		31981E49241919D300D25074 /* CustomTextField.xib in Resources */ = {isa = PBXBuildFile; fileRef = 31981E48241919D300D25074 /* CustomTextField.xib */; };
		31981E4B24191A4500D25074 /* CustomTextField.swift in Sources */ = {isa = PBXBuildFile; fileRef = 31981E4A24191A4500D25074 /* CustomTextField.swift */; };
		31981E4D24191C2F00D25074 /* CustomTextField-Models.swift in Sources */ = {isa = PBXBuildFile; fileRef = 31981E4C24191C2F00D25074 /* CustomTextField-Models.swift */; };
		943CE5CB2546DF7600CA93AA /* API.swift in Sources */ = {isa = PBXBuildFile; fileRef = 943CE5CA2546DF7600CA93AA /* API.swift */; };
		943CE5CE2546DF7B00CA93AA /* Interceptor.swift in Sources */ = {isa = PBXBuildFile; fileRef = 943CE5CD2546DF7B00CA93AA /* Interceptor.swift */; };
		943CE5FD2546DFBC00CA93AA /* CustomView.swift in Sources */ = {isa = PBXBuildFile; fileRef = 943CE5FA2546DFBC00CA93AA /* CustomView.swift */; };
		943CE5FE2546DFBC00CA93AA /* CustomButton.swift in Sources */ = {isa = PBXBuildFile; fileRef = 943CE5FB2546DFBC00CA93AA /* CustomButton.swift */; };
		943CE5FF2546DFBC00CA93AA /* CustomImageView.swift in Sources */ = {isa = PBXBuildFile; fileRef = 943CE5FC2546DFBC00CA93AA /* CustomImageView.swift */; };
		945B15AC25595DC9003A65E0 /* TableParent.swift in Sources */ = {isa = PBXBuildFile; fileRef = 945B159925595DC9003A65E0 /* TableParent.swift */; };
		945B15AD25595DC9003A65E0 /* Log.swift in Sources */ = {isa = PBXBuildFile; fileRef = 945B159A25595DC9003A65E0 /* Log.swift */; };
		945B15AE25595DC9003A65E0 /* Dynamic.swift in Sources */ = {isa = PBXBuildFile; fileRef = 945B159B25595DC9003A65E0 /* Dynamic.swift */; };
		945B15AF25595DC9003A65E0 /* RootViewController.swift in Sources */ = {isa = PBXBuildFile; fileRef = 945B159C25595DC9003A65E0 /* RootViewController.swift */; };
		945B15B025595DC9003A65E0 /* CellsHelper.swift in Sources */ = {isa = PBXBuildFile; fileRef = 945B159D25595DC9003A65E0 /* CellsHelper.swift */; };
		945B15B125595DC9003A65E0 /* ViewModel.swift in Sources */ = {isa = PBXBuildFile; fileRef = 945B159E25595DC9003A65E0 /* ViewModel.swift */; };
		945B15B225595DC9003A65E0 /* Date.swift in Sources */ = {isa = PBXBuildFile; fileRef = 945B15A025595DC9003A65E0 /* Date.swift */; };
		945B15B325595DC9003A65E0 /* UIColor.swift in Sources */ = {isa = PBXBuildFile; fileRef = 945B15A125595DC9003A65E0 /* UIColor.swift */; };
		945B15B425595DC9003A65E0 /* Int.swift in Sources */ = {isa = PBXBuildFile; fileRef = 945B15A225595DC9003A65E0 /* Int.swift */; };
		945B15B525595DC9003A65E0 /* UITableViewCell.swift in Sources */ = {isa = PBXBuildFile; fileRef = 945B15A325595DC9003A65E0 /* UITableViewCell.swift */; };
		945B15B625595DC9003A65E0 /* String.swift in Sources */ = {isa = PBXBuildFile; fileRef = 945B15A425595DC9003A65E0 /* String.swift */; };
		945B15B725595DC9003A65E0 /* URLRequestConvertible.swift in Sources */ = {isa = PBXBuildFile; fileRef = 945B15A525595DC9003A65E0 /* URLRequestConvertible.swift */; };
		945B15B825595DC9003A65E0 /* UIImage.swift in Sources */ = {isa = PBXBuildFile; fileRef = 945B15A625595DC9003A65E0 /* UIImage.swift */; };
		945B15B925595DC9003A65E0 /* Presenter.swift in Sources */ = {isa = PBXBuildFile; fileRef = 945B15A725595DC9003A65E0 /* Presenter.swift */; };
		945B15BA25595DC9003A65E0 /* Pagination.swift in Sources */ = {isa = PBXBuildFile; fileRef = 945B15A825595DC9003A65E0 /* Pagination.swift */; };
		945B15BB25595DC9003A65E0 /* Window.swift in Sources */ = {isa = PBXBuildFile; fileRef = 945B15A925595DC9003A65E0 /* Window.swift */; };
		945B15BC25595DC9003A65E0 /* ViewControllerHelper.swift in Sources */ = {isa = PBXBuildFile; fileRef = 945B15AA25595DC9003A65E0 /* ViewControllerHelper.swift */; };
		945B15BD25595DC9003A65E0 /* Cache.swift in Sources */ = {isa = PBXBuildFile; fileRef = 945B15AB25595DC9003A65E0 /* Cache.swift */; };
		A01CC49125D2FB3700404685 /* LocalizedKey.swift in Sources */ = {isa = PBXBuildFile; fileRef = A01CC49025D2FB3700404685 /* LocalizedKey.swift */; };
		A20E015A269584B1000131BF /* Profile-Controller.swift in Sources */ = {isa = PBXBuildFile; fileRef = A20E0159269584B1000131BF /* Profile-Controller.swift */; };
		A20E015C269584C2000131BF /* Profile.storyboard in Resources */ = {isa = PBXBuildFile; fileRef = A20E015B269584C2000131BF /* Profile.storyboard */; };
		A20E015F26959F30000131BF /* Main-Controller.swift in Sources */ = {isa = PBXBuildFile; fileRef = A20E015E26959F30000131BF /* Main-Controller.swift */; };
		A20E016126959F40000131BF /* Main.storyboard in Resources */ = {isa = PBXBuildFile; fileRef = A20E016026959F40000131BF /* Main.storyboard */; };
		A20E01642695AC08000131BF /* EditProfile-Controller.swift in Sources */ = {isa = PBXBuildFile; fileRef = A20E01632695AC08000131BF /* EditProfile-Controller.swift */; };
		A20E01662695AC12000131BF /* EditProfile.storyboard in Resources */ = {isa = PBXBuildFile; fileRef = A20E01652695AC12000131BF /* EditProfile.storyboard */; };
		A20E01682695B5CE000131BF /* Faq.swift in Sources */ = {isa = PBXBuildFile; fileRef = A20E01672695B5CE000131BF /* Faq.swift */; };
		A20E016B2695B68A000131BF /* Faq-Controller.swift in Sources */ = {isa = PBXBuildFile; fileRef = A20E016A2695B68A000131BF /* Faq-Controller.swift */; };
		A20E016D2695B691000131BF /* Faq.storyboard in Resources */ = {isa = PBXBuildFile; fileRef = A20E016C2695B691000131BF /* Faq.storyboard */; };
		A20E016F2695B755000131BF /* Faq-ViewModel.swift in Sources */ = {isa = PBXBuildFile; fileRef = A20E016E2695B755000131BF /* Faq-ViewModel.swift */; };
		A20EE9CF269453F600128096 /* OnboardScroll.storyboard in Resources */ = {isa = PBXBuildFile; fileRef = A20EE9CE269453F600128096 /* OnboardScroll.storyboard */; };
		A20EE9D32694550D00128096 /* OnboardCollection-Controller.swift in Sources */ = {isa = PBXBuildFile; fileRef = A20EE9D22694550D00128096 /* OnboardCollection-Controller.swift */; };
		A20EE9D52694553C00128096 /* OnboardCollection.storyboard in Resources */ = {isa = PBXBuildFile; fileRef = A20EE9D42694553C00128096 /* OnboardCollection.storyboard */; };
		A20EE9D72694575A00128096 /* OnboardCollection-Collection.swift in Sources */ = {isa = PBXBuildFile; fileRef = A20EE9D62694575A00128096 /* OnboardCollection-Collection.swift */; };
		A20EE9DC26945B2A00128096 /* OnboardCell.swift in Sources */ = {isa = PBXBuildFile; fileRef = A20EE9DA26945B2A00128096 /* OnboardCell.swift */; };
		A20EE9DD26945B2A00128096 /* OnboardCell.xib in Resources */ = {isa = PBXBuildFile; fileRef = A20EE9DB26945B2A00128096 /* OnboardCell.xib */; };
		A20EE9DF2694603300128096 /* OnboardCellViewModel.swift in Sources */ = {isa = PBXBuildFile; fileRef = A20EE9DE2694603300128096 /* OnboardCellViewModel.swift */; };
		A20EE9E1269461D900128096 /* OnboardCollection-ViewModel.swift in Sources */ = {isa = PBXBuildFile; fileRef = A20EE9E0269461D900128096 /* OnboardCollection-ViewModel.swift */; };
		A20EE9E32694696600128096 /* OnboardScroll-ViewModel.swift in Sources */ = {isa = PBXBuildFile; fileRef = A20EE9E22694696600128096 /* OnboardScroll-ViewModel.swift */; };
		A20EE9E526946AB100128096 /* OnboardScroll-Scroll.swift in Sources */ = {isa = PBXBuildFile; fileRef = A20EE9E426946AB100128096 /* OnboardScroll-Scroll.swift */; };
		A20EE9EA26947E3C00128096 /* TabBar.storyboard in Resources */ = {isa = PBXBuildFile; fileRef = A20EE9E926947E3C00128096 /* TabBar.storyboard */; };
		A20EE9EC269482B300128096 /* TabBar-Controller.swift in Sources */ = {isa = PBXBuildFile; fileRef = A20EE9EB269482B300128096 /* TabBar-Controller.swift */; };
		A215D3F4269A27EE00BC7975 /* FilterDevices-Controller.swift in Sources */ = {isa = PBXBuildFile; fileRef = A215D3F3269A27EE00BC7975 /* FilterDevices-Controller.swift */; };
		A215D3F6269A285800BC7975 /* FilterDevices-ViewModel.swift in Sources */ = {isa = PBXBuildFile; fileRef = A215D3F5269A285800BC7975 /* FilterDevices-ViewModel.swift */; };
		A215D3F8269A297D00BC7975 /* FilterDevices-Table.swift in Sources */ = {isa = PBXBuildFile; fileRef = A215D3F7269A297D00BC7975 /* FilterDevices-Table.swift */; };
		A215D3FA269A2A0200BC7975 /* FilterDevices.storyboard in Resources */ = {isa = PBXBuildFile; fileRef = A215D3F9269A2A0200BC7975 /* FilterDevices.storyboard */; };
		A234906D269B51EE00539BE0 /* Home.storyboard in Resources */ = {isa = PBXBuildFile; fileRef = A234906C269B51EE00539BE0 /* Home.storyboard */; };
		A234906F269B520500539BE0 /* Home-Controller.swift in Sources */ = {isa = PBXBuildFile; fileRef = A234906E269B520500539BE0 /* Home-Controller.swift */; };
		A2349071269B525000539BE0 /* Home-ViewModel.swift in Sources */ = {isa = PBXBuildFile; fileRef = A2349070269B525000539BE0 /* Home-ViewModel.swift */; };
		A2349073269B52CF00539BE0 /* Home-Table.swift in Sources */ = {isa = PBXBuildFile; fileRef = A2349072269B52CF00539BE0 /* Home-Table.swift */; };
		A2349075269B577900539BE0 /* Methodology.swift in Sources */ = {isa = PBXBuildFile; fileRef = A2349074269B577900539BE0 /* Methodology.swift */; };
		A234907E269B5AEF00539BE0 /* Home-SearchBar.swift in Sources */ = {isa = PBXBuildFile; fileRef = A234907D269B5AEF00539BE0 /* Home-SearchBar.swift */; };
		A2349081269B5CD800539BE0 /* SavedElements-Controller.swift in Sources */ = {isa = PBXBuildFile; fileRef = A2349080269B5CD800539BE0 /* SavedElements-Controller.swift */; };
		A2349083269B5CE300539BE0 /* SavedElements.storyboard in Resources */ = {isa = PBXBuildFile; fileRef = A2349082269B5CE300539BE0 /* SavedElements.storyboard */; };
		A2349085269B5CF100539BE0 /* SavedElements-ViewModel.swift in Sources */ = {isa = PBXBuildFile; fileRef = A2349084269B5CF100539BE0 /* SavedElements-ViewModel.swift */; };
		A2349087269B5DDC00539BE0 /* SavedElements-Table.swift in Sources */ = {isa = PBXBuildFile; fileRef = A2349086269B5DDC00539BE0 /* SavedElements-Table.swift */; };
		A234908D269B5F6F00539BE0 /* MethodologyCell.swift in Sources */ = {isa = PBXBuildFile; fileRef = A234908B269B5F6F00539BE0 /* MethodologyCell.swift */; };
		A234908E269B5F6F00539BE0 /* MethodologyCell.xib in Resources */ = {isa = PBXBuildFile; fileRef = A234908C269B5F6F00539BE0 /* MethodologyCell.xib */; };
		A2349090269B5F8000539BE0 /* MethodologyCell-ViewModel.swift in Sources */ = {isa = PBXBuildFile; fileRef = A234908F269B5F8000539BE0 /* MethodologyCell-ViewModel.swift */; };
		A24BDD042695BC2500431E0A /* Faq-Table.swift in Sources */ = {isa = PBXBuildFile; fileRef = A24BDD032695BC2500431E0A /* Faq-Table.swift */; };
		A24BDD102695BD2200431E0A /* FaqHeaderTableCell.swift in Sources */ = {isa = PBXBuildFile; fileRef = A24BDD0E2695BD2200431E0A /* FaqHeaderTableCell.swift */; };
		A24BDD112695BD2200431E0A /* FaqHeaderTableCell.xib in Resources */ = {isa = PBXBuildFile; fileRef = A24BDD0F2695BD2200431E0A /* FaqHeaderTableCell.xib */; };
		A24BDD142695C09300431E0A /* FaqTableCell.swift in Sources */ = {isa = PBXBuildFile; fileRef = A24BDD122695C09300431E0A /* FaqTableCell.swift */; };
		A24BDD152695C09300431E0A /* FaqTableCell.xib in Resources */ = {isa = PBXBuildFile; fileRef = A24BDD132695C09300431E0A /* FaqTableCell.xib */; };
		A24BDD172695C0B800431E0A /* FaqTableCell-ViewModel.swift in Sources */ = {isa = PBXBuildFile; fileRef = A24BDD162695C0B800431E0A /* FaqTableCell-ViewModel.swift */; };
		A24BDD1A2695CAB600431E0A /* ChangePassword-Controller.swift in Sources */ = {isa = PBXBuildFile; fileRef = A24BDD192695CAB600431E0A /* ChangePassword-Controller.swift */; };
		A24BDD1C2695CE5800431E0A /* ChangePassword.storyboard in Resources */ = {isa = PBXBuildFile; fileRef = A24BDD1B2695CE5800431E0A /* ChangePassword.storyboard */; };
		A265F8C72695D57A006F750B /* TermsAndConditions-Controller.swift in Sources */ = {isa = PBXBuildFile; fileRef = A265F8C62695D57A006F750B /* TermsAndConditions-Controller.swift */; };
		A265F8C92695D5C7006F750B /* TermsAndConditions.storyboard in Resources */ = {isa = PBXBuildFile; fileRef = A265F8C82695D5C7006F750B /* TermsAndConditions.storyboard */; };
		A276163026977E850000AF1C /* Filter.swift in Sources */ = {isa = PBXBuildFile; fileRef = A276162F26977E850000AF1C /* Filter.swift */; };
		A276163226977EDF0000AF1C /* Answer.swift in Sources */ = {isa = PBXBuildFile; fileRef = A276163126977EDF0000AF1C /* Answer.swift */; };
		A276163626978D9D0000AF1C /* FilterAnswers-Controller.swift in Sources */ = {isa = PBXBuildFile; fileRef = A276163526978D9D0000AF1C /* FilterAnswers-Controller.swift */; };
		A276163826978E1F0000AF1C /* FilterAnswers.storyboard in Resources */ = {isa = PBXBuildFile; fileRef = A276163726978E1F0000AF1C /* FilterAnswers.storyboard */; };
		A276163A26978E690000AF1C /* FilterAnswers-ViewModel.swift in Sources */ = {isa = PBXBuildFile; fileRef = A276163926978E690000AF1C /* FilterAnswers-ViewModel.swift */; };
		A276163C26978FD60000AF1C /* FilterAnswers-Table.swift in Sources */ = {isa = PBXBuildFile; fileRef = A276163B26978FD60000AF1C /* FilterAnswers-Table.swift */; };
		A2761640269790A70000AF1C /* FilterAnswersCell.swift in Sources */ = {isa = PBXBuildFile; fileRef = A276163E269790A70000AF1C /* FilterAnswersCell.swift */; };
		A2761641269790A70000AF1C /* FilterAnswersCell.xib in Resources */ = {isa = PBXBuildFile; fileRef = A276163F269790A70000AF1C /* FilterAnswersCell.xib */; };
		A2761643269790BB0000AF1C /* FilterAnswersCell-ViewModel.swift in Sources */ = {isa = PBXBuildFile; fileRef = A2761642269790BB0000AF1C /* FilterAnswersCell-ViewModel.swift */; };
		A2778DAE26930EE400E87A00 /* OnboardScroll-Controller.swift in Sources */ = {isa = PBXBuildFile; fileRef = A2778DAD26930EE400E87A00 /* OnboardScroll-Controller.swift */; };
		A29D8AD3269B8E9800315ADB /* Methodology-Controller.swift in Sources */ = {isa = PBXBuildFile; fileRef = A29D8AD2269B8E9800315ADB /* Methodology-Controller.swift */; };
		A29D8AD5269B8ECB00315ADB /* Methodology.storyboard in Resources */ = {isa = PBXBuildFile; fileRef = A29D8AD4269B8ECB00315ADB /* Methodology.storyboard */; };
		A29D8AD7269B8F0100315ADB /* Methodology-ViewModel.swift in Sources */ = {isa = PBXBuildFile; fileRef = A29D8AD6269B8F0100315ADB /* Methodology-ViewModel.swift */; };
		A2B4C74226943B6800DE6FAB /* OnboardScreen.swift in Sources */ = {isa = PBXBuildFile; fileRef = A2B4C74126943B6800DE6FAB /* OnboardScreen.swift */; };
		A2C937482696261000855283 /* PrivacyPolicy-Controller.swift in Sources */ = {isa = PBXBuildFile; fileRef = A2C937472696261000855283 /* PrivacyPolicy-Controller.swift */; };
		A2C9374A2696267B00855283 /* PrivacyPolicy.storyboard in Resources */ = {isa = PBXBuildFile; fileRef = A2C937492696267B00855283 /* PrivacyPolicy.storyboard */; };
		A2C9374D26962A1000855283 /* ChangeLanguage-Controller.swift in Sources */ = {isa = PBXBuildFile; fileRef = A2C9374C26962A1000855283 /* ChangeLanguage-Controller.swift */; };
		A2C9374F26962AA600855283 /* ChangeLanguage-ViewModel.swift in Sources */ = {isa = PBXBuildFile; fileRef = A2C9374E26962AA600855283 /* ChangeLanguage-ViewModel.swift */; };
		A2C9375126962AEB00855283 /* ChangeLanguage.storyboard in Resources */ = {isa = PBXBuildFile; fileRef = A2C9375026962AEB00855283 /* ChangeLanguage.storyboard */; };
		A2F066EF2696F9380066C1A8 /* Filters-Controller.swift in Sources */ = {isa = PBXBuildFile; fileRef = A2F066EE2696F9380066C1A8 /* Filters-Controller.swift */; };
		A2F066F12696FAA10066C1A8 /* Filters.storyboard in Resources */ = {isa = PBXBuildFile; fileRef = A2F066F02696FAA10066C1A8 /* Filters.storyboard */; };
		A2F066F32696FD7A0066C1A8 /* Filters-Table.swift in Sources */ = {isa = PBXBuildFile; fileRef = A2F066F22696FD7A0066C1A8 /* Filters-Table.swift */; };
		A2F066F9269702C50066C1A8 /* FiltersQuestionCell.swift in Sources */ = {isa = PBXBuildFile; fileRef = A2F066F7269702C50066C1A8 /* FiltersQuestionCell.swift */; };
		A2F066FA269702C50066C1A8 /* FiltersQuestionCell.xib in Resources */ = {isa = PBXBuildFile; fileRef = A2F066F8269702C50066C1A8 /* FiltersQuestionCell.xib */; };
		A2F066FC2697051F0066C1A8 /* FiltersQuestionCell-ViewModel.swift in Sources */ = {isa = PBXBuildFile; fileRef = A2F066FB2697051F0066C1A8 /* FiltersQuestionCell-ViewModel.swift */; };
		A2F06702269710CD0066C1A8 /* Filters-ViewModel.swift in Sources */ = {isa = PBXBuildFile; fileRef = A2F06701269710CD0066C1A8 /* Filters-ViewModel.swift */; };
		AA00012C25E3C4EA000168C9 /* DatePicker-Controller.swift in Sources */ = {isa = PBXBuildFile; fileRef = AA00012925E3C4EA000168C9 /* DatePicker-Controller.swift */; };
		AA00012D25E3C4EA000168C9 /* DatePicker.storyboard in Resources */ = {isa = PBXBuildFile; fileRef = AA00012A25E3C4EA000168C9 /* DatePicker.storyboard */; };
		AA00012E25E3C4EA000168C9 /* DatePicker-ViewModel.swift in Sources */ = {isa = PBXBuildFile; fileRef = AA00012B25E3C4EA000168C9 /* DatePicker-ViewModel.swift */; };
		E3D14DC5242D069600436D51 /* Generic-API.swift in Sources */ = {isa = PBXBuildFile; fileRef = E3D14DC4242D069600436D51 /* Generic-API.swift */; };
		E3D14DC7242D06A400436D51 /* Generic-Service.swift in Sources */ = {isa = PBXBuildFile; fileRef = E3D14DC6242D06A400436D51 /* Generic-Service.swift */; };
		E3D14DCA242D06DF00436D51 /* UpdateRequired.swift in Sources */ = {isa = PBXBuildFile; fileRef = E3D14DC9242D06DF00436D51 /* UpdateRequired.swift */; };
		E3D14DCD242D081B00436D51 /* Globals.swift in Sources */ = {isa = PBXBuildFile; fileRef = E3D14DCC242D081B00436D51 /* Globals.swift */; };
/* End PBXBuildFile section */

/* Begin PBXFileReference section */
		02C00E7AF17CF769ACF2D8AF /* Pods-Template.release.xcconfig */ = {isa = PBXFileReference; includeInIndex = 1; lastKnownFileType = text.xcconfig; name = "Pods-Template.release.xcconfig"; path = "Target Support Files/Pods-Template/Pods-Template.release.xcconfig"; sourceTree = "<group>"; };
		310FC91524192781002EFCD4 /* Register-Controller.swift */ = {isa = PBXFileReference; lastKnownFileType = sourcecode.swift; path = "Register-Controller.swift"; sourceTree = "<group>"; };
		310FC91824192DCE002EFCD4 /* Login.storyboard */ = {isa = PBXFileReference; lastKnownFileType = file.storyboard; path = Login.storyboard; sourceTree = "<group>"; };
		310FC91A24192EA3002EFCD4 /* Login-Controller.swift */ = {isa = PBXFileReference; lastKnownFileType = sourcecode.swift; path = "Login-Controller.swift"; sourceTree = "<group>"; };
		310FC91D24193014002EFCD4 /* RecoverPassword.storyboard */ = {isa = PBXFileReference; lastKnownFileType = file.storyboard; path = RecoverPassword.storyboard; sourceTree = "<group>"; };
		310FC91F2419306E002EFCD4 /* RecoverPassword-Controller.swift */ = {isa = PBXFileReference; lastKnownFileType = sourcecode.swift; path = "RecoverPassword-Controller.swift"; sourceTree = "<group>"; };
		3147D616241906FB00E741D3 /* Template.app */ = {isa = PBXFileReference; explicitFileType = wrapper.application; includeInIndex = 0; path = Template.app; sourceTree = BUILT_PRODUCTS_DIR; };
		3147D619241906FB00E741D3 /* AppDelegate.swift */ = {isa = PBXFileReference; lastKnownFileType = sourcecode.swift; path = AppDelegate.swift; sourceTree = "<group>"; };
		3147D61D241906FB00E741D3 /* Startup-Controller.swift */ = {isa = PBXFileReference; lastKnownFileType = sourcecode.swift; path = "Startup-Controller.swift"; sourceTree = "<group>"; };
		3147D620241906FB00E741D3 /* Base */ = {isa = PBXFileReference; lastKnownFileType = file.storyboard; name = Base; path = Base.lproj/Startup.storyboard; sourceTree = "<group>"; };
		3147D622241906FD00E741D3 /* Assets.xcassets */ = {isa = PBXFileReference; lastKnownFileType = folder.assetcatalog; path = Assets.xcassets; sourceTree = "<group>"; };
		3147D625241906FD00E741D3 /* Base */ = {isa = PBXFileReference; lastKnownFileType = file.storyboard; name = Base; path = Base.lproj/LaunchScreen.storyboard; sourceTree = "<group>"; };
		3147D627241906FD00E741D3 /* Info.plist */ = {isa = PBXFileReference; lastKnownFileType = text.plist.xml; path = Info.plist; sourceTree = "<group>"; };
		31981E44241919A300D25074 /* Register.storyboard */ = {isa = PBXFileReference; lastKnownFileType = file.storyboard; path = Register.storyboard; sourceTree = "<group>"; };
		31981E48241919D300D25074 /* CustomTextField.xib */ = {isa = PBXFileReference; lastKnownFileType = file.xib; path = CustomTextField.xib; sourceTree = "<group>"; };
		31981E4A24191A4500D25074 /* CustomTextField.swift */ = {isa = PBXFileReference; lastKnownFileType = sourcecode.swift; path = CustomTextField.swift; sourceTree = "<group>"; };
		31981E4C24191C2F00D25074 /* CustomTextField-Models.swift */ = {isa = PBXFileReference; lastKnownFileType = sourcecode.swift; path = "CustomTextField-Models.swift"; sourceTree = "<group>"; };
		4EB52597CD4FFE0A6118986D /* Pods-Template.debug.xcconfig */ = {isa = PBXFileReference; includeInIndex = 1; lastKnownFileType = text.xcconfig; name = "Pods-Template.debug.xcconfig"; path = "Target Support Files/Pods-Template/Pods-Template.debug.xcconfig"; sourceTree = "<group>"; };
		943CE5CA2546DF7600CA93AA /* API.swift */ = {isa = PBXFileReference; fileEncoding = 4; lastKnownFileType = sourcecode.swift; path = API.swift; sourceTree = "<group>"; };
		943CE5CD2546DF7B00CA93AA /* Interceptor.swift */ = {isa = PBXFileReference; fileEncoding = 4; lastKnownFileType = sourcecode.swift; path = Interceptor.swift; sourceTree = "<group>"; };
		943CE5FA2546DFBC00CA93AA /* CustomView.swift */ = {isa = PBXFileReference; fileEncoding = 4; lastKnownFileType = sourcecode.swift; path = CustomView.swift; sourceTree = "<group>"; };
		943CE5FB2546DFBC00CA93AA /* CustomButton.swift */ = {isa = PBXFileReference; fileEncoding = 4; lastKnownFileType = sourcecode.swift; path = CustomButton.swift; sourceTree = "<group>"; };
		943CE5FC2546DFBC00CA93AA /* CustomImageView.swift */ = {isa = PBXFileReference; fileEncoding = 4; lastKnownFileType = sourcecode.swift; path = CustomImageView.swift; sourceTree = "<group>"; };
		945B159925595DC9003A65E0 /* TableParent.swift */ = {isa = PBXFileReference; fileEncoding = 4; lastKnownFileType = sourcecode.swift; path = TableParent.swift; sourceTree = "<group>"; };
		945B159A25595DC9003A65E0 /* Log.swift */ = {isa = PBXFileReference; fileEncoding = 4; lastKnownFileType = sourcecode.swift; path = Log.swift; sourceTree = "<group>"; };
		945B159B25595DC9003A65E0 /* Dynamic.swift */ = {isa = PBXFileReference; fileEncoding = 4; lastKnownFileType = sourcecode.swift; path = Dynamic.swift; sourceTree = "<group>"; };
		945B159C25595DC9003A65E0 /* RootViewController.swift */ = {isa = PBXFileReference; fileEncoding = 4; lastKnownFileType = sourcecode.swift; path = RootViewController.swift; sourceTree = "<group>"; };
		945B159D25595DC9003A65E0 /* CellsHelper.swift */ = {isa = PBXFileReference; fileEncoding = 4; lastKnownFileType = sourcecode.swift; path = CellsHelper.swift; sourceTree = "<group>"; };
		945B159E25595DC9003A65E0 /* ViewModel.swift */ = {isa = PBXFileReference; fileEncoding = 4; lastKnownFileType = sourcecode.swift; path = ViewModel.swift; sourceTree = "<group>"; };
		945B15A025595DC9003A65E0 /* Date.swift */ = {isa = PBXFileReference; fileEncoding = 4; lastKnownFileType = sourcecode.swift; path = Date.swift; sourceTree = "<group>"; };
		945B15A125595DC9003A65E0 /* UIColor.swift */ = {isa = PBXFileReference; fileEncoding = 4; lastKnownFileType = sourcecode.swift; path = UIColor.swift; sourceTree = "<group>"; };
		945B15A225595DC9003A65E0 /* Int.swift */ = {isa = PBXFileReference; fileEncoding = 4; lastKnownFileType = sourcecode.swift; path = Int.swift; sourceTree = "<group>"; };
		945B15A325595DC9003A65E0 /* UITableViewCell.swift */ = {isa = PBXFileReference; fileEncoding = 4; lastKnownFileType = sourcecode.swift; path = UITableViewCell.swift; sourceTree = "<group>"; };
		945B15A425595DC9003A65E0 /* String.swift */ = {isa = PBXFileReference; fileEncoding = 4; lastKnownFileType = sourcecode.swift; path = String.swift; sourceTree = "<group>"; };
		945B15A525595DC9003A65E0 /* URLRequestConvertible.swift */ = {isa = PBXFileReference; fileEncoding = 4; lastKnownFileType = sourcecode.swift; path = URLRequestConvertible.swift; sourceTree = "<group>"; };
		945B15A625595DC9003A65E0 /* UIImage.swift */ = {isa = PBXFileReference; fileEncoding = 4; lastKnownFileType = sourcecode.swift; path = UIImage.swift; sourceTree = "<group>"; };
		945B15A725595DC9003A65E0 /* Presenter.swift */ = {isa = PBXFileReference; fileEncoding = 4; lastKnownFileType = sourcecode.swift; path = Presenter.swift; sourceTree = "<group>"; };
		945B15A825595DC9003A65E0 /* Pagination.swift */ = {isa = PBXFileReference; fileEncoding = 4; lastKnownFileType = sourcecode.swift; path = Pagination.swift; sourceTree = "<group>"; };
		945B15A925595DC9003A65E0 /* Window.swift */ = {isa = PBXFileReference; fileEncoding = 4; lastKnownFileType = sourcecode.swift; path = Window.swift; sourceTree = "<group>"; };
		945B15AA25595DC9003A65E0 /* ViewControllerHelper.swift */ = {isa = PBXFileReference; fileEncoding = 4; lastKnownFileType = sourcecode.swift; path = ViewControllerHelper.swift; sourceTree = "<group>"; };
		945B15AB25595DC9003A65E0 /* Cache.swift */ = {isa = PBXFileReference; fileEncoding = 4; lastKnownFileType = sourcecode.swift; path = Cache.swift; sourceTree = "<group>"; };
		A01CC49025D2FB3700404685 /* LocalizedKey.swift */ = {isa = PBXFileReference; lastKnownFileType = sourcecode.swift; path = LocalizedKey.swift; sourceTree = "<group>"; };
		A20E0159269584B1000131BF /* Profile-Controller.swift */ = {isa = PBXFileReference; lastKnownFileType = sourcecode.swift; path = "Profile-Controller.swift"; sourceTree = "<group>"; };
		A20E015B269584C2000131BF /* Profile.storyboard */ = {isa = PBXFileReference; lastKnownFileType = file.storyboard; path = Profile.storyboard; sourceTree = "<group>"; };
		A20E015E26959F30000131BF /* Main-Controller.swift */ = {isa = PBXFileReference; lastKnownFileType = sourcecode.swift; path = "Main-Controller.swift"; sourceTree = "<group>"; };
		A20E016026959F40000131BF /* Main.storyboard */ = {isa = PBXFileReference; lastKnownFileType = file.storyboard; path = Main.storyboard; sourceTree = "<group>"; };
		A20E01632695AC08000131BF /* EditProfile-Controller.swift */ = {isa = PBXFileReference; lastKnownFileType = sourcecode.swift; path = "EditProfile-Controller.swift"; sourceTree = "<group>"; };
		A20E01652695AC12000131BF /* EditProfile.storyboard */ = {isa = PBXFileReference; lastKnownFileType = file.storyboard; path = EditProfile.storyboard; sourceTree = "<group>"; };
		A20E01672695B5CE000131BF /* Faq.swift */ = {isa = PBXFileReference; lastKnownFileType = sourcecode.swift; path = Faq.swift; sourceTree = "<group>"; };
		A20E016A2695B68A000131BF /* Faq-Controller.swift */ = {isa = PBXFileReference; lastKnownFileType = sourcecode.swift; path = "Faq-Controller.swift"; sourceTree = "<group>"; };
		A20E016C2695B691000131BF /* Faq.storyboard */ = {isa = PBXFileReference; lastKnownFileType = file.storyboard; path = Faq.storyboard; sourceTree = "<group>"; };
		A20E016E2695B755000131BF /* Faq-ViewModel.swift */ = {isa = PBXFileReference; lastKnownFileType = sourcecode.swift; path = "Faq-ViewModel.swift"; sourceTree = "<group>"; };
		A20EE9CE269453F600128096 /* OnboardScroll.storyboard */ = {isa = PBXFileReference; lastKnownFileType = file.storyboard; path = OnboardScroll.storyboard; sourceTree = "<group>"; };
		A20EE9D22694550D00128096 /* OnboardCollection-Controller.swift */ = {isa = PBXFileReference; lastKnownFileType = sourcecode.swift; path = "OnboardCollection-Controller.swift"; sourceTree = "<group>"; };
		A20EE9D42694553C00128096 /* OnboardCollection.storyboard */ = {isa = PBXFileReference; lastKnownFileType = file.storyboard; path = OnboardCollection.storyboard; sourceTree = "<group>"; };
		A20EE9D62694575A00128096 /* OnboardCollection-Collection.swift */ = {isa = PBXFileReference; lastKnownFileType = sourcecode.swift; path = "OnboardCollection-Collection.swift"; sourceTree = "<group>"; };
		A20EE9DA26945B2A00128096 /* OnboardCell.swift */ = {isa = PBXFileReference; lastKnownFileType = sourcecode.swift; path = OnboardCell.swift; sourceTree = "<group>"; };
		A20EE9DB26945B2A00128096 /* OnboardCell.xib */ = {isa = PBXFileReference; lastKnownFileType = file.xib; path = OnboardCell.xib; sourceTree = "<group>"; };
		A20EE9DE2694603300128096 /* OnboardCellViewModel.swift */ = {isa = PBXFileReference; lastKnownFileType = sourcecode.swift; path = OnboardCellViewModel.swift; sourceTree = "<group>"; };
		A20EE9E0269461D900128096 /* OnboardCollection-ViewModel.swift */ = {isa = PBXFileReference; lastKnownFileType = sourcecode.swift; path = "OnboardCollection-ViewModel.swift"; sourceTree = "<group>"; };
		A20EE9E22694696600128096 /* OnboardScroll-ViewModel.swift */ = {isa = PBXFileReference; lastKnownFileType = sourcecode.swift; path = "OnboardScroll-ViewModel.swift"; sourceTree = "<group>"; };
		A20EE9E426946AB100128096 /* OnboardScroll-Scroll.swift */ = {isa = PBXFileReference; lastKnownFileType = sourcecode.swift; path = "OnboardScroll-Scroll.swift"; sourceTree = "<group>"; };
		A20EE9E926947E3C00128096 /* TabBar.storyboard */ = {isa = PBXFileReference; lastKnownFileType = file.storyboard; path = TabBar.storyboard; sourceTree = "<group>"; };
		A20EE9EB269482B300128096 /* TabBar-Controller.swift */ = {isa = PBXFileReference; lastKnownFileType = sourcecode.swift; path = "TabBar-Controller.swift"; sourceTree = "<group>"; };
		A215D3F3269A27EE00BC7975 /* FilterDevices-Controller.swift */ = {isa = PBXFileReference; lastKnownFileType = sourcecode.swift; path = "FilterDevices-Controller.swift"; sourceTree = "<group>"; };
		A215D3F5269A285800BC7975 /* FilterDevices-ViewModel.swift */ = {isa = PBXFileReference; lastKnownFileType = sourcecode.swift; path = "FilterDevices-ViewModel.swift"; sourceTree = "<group>"; };
		A215D3F7269A297D00BC7975 /* FilterDevices-Table.swift */ = {isa = PBXFileReference; lastKnownFileType = sourcecode.swift; path = "FilterDevices-Table.swift"; sourceTree = "<group>"; };
		A215D3F9269A2A0200BC7975 /* FilterDevices.storyboard */ = {isa = PBXFileReference; lastKnownFileType = file.storyboard; path = FilterDevices.storyboard; sourceTree = "<group>"; };
		A234906C269B51EE00539BE0 /* Home.storyboard */ = {isa = PBXFileReference; lastKnownFileType = file.storyboard; path = Home.storyboard; sourceTree = "<group>"; };
		A234906E269B520500539BE0 /* Home-Controller.swift */ = {isa = PBXFileReference; lastKnownFileType = sourcecode.swift; path = "Home-Controller.swift"; sourceTree = "<group>"; };
		A2349070269B525000539BE0 /* Home-ViewModel.swift */ = {isa = PBXFileReference; lastKnownFileType = sourcecode.swift; path = "Home-ViewModel.swift"; sourceTree = "<group>"; };
		A2349072269B52CF00539BE0 /* Home-Table.swift */ = {isa = PBXFileReference; lastKnownFileType = sourcecode.swift; path = "Home-Table.swift"; sourceTree = "<group>"; };
		A2349074269B577900539BE0 /* Methodology.swift */ = {isa = PBXFileReference; lastKnownFileType = sourcecode.swift; path = Methodology.swift; sourceTree = "<group>"; };
		A234907D269B5AEF00539BE0 /* Home-SearchBar.swift */ = {isa = PBXFileReference; lastKnownFileType = sourcecode.swift; path = "Home-SearchBar.swift"; sourceTree = "<group>"; };
		A2349080269B5CD800539BE0 /* SavedElements-Controller.swift */ = {isa = PBXFileReference; lastKnownFileType = sourcecode.swift; path = "SavedElements-Controller.swift"; sourceTree = "<group>"; };
		A2349082269B5CE300539BE0 /* SavedElements.storyboard */ = {isa = PBXFileReference; lastKnownFileType = file.storyboard; path = SavedElements.storyboard; sourceTree = "<group>"; };
		A2349084269B5CF100539BE0 /* SavedElements-ViewModel.swift */ = {isa = PBXFileReference; lastKnownFileType = sourcecode.swift; path = "SavedElements-ViewModel.swift"; sourceTree = "<group>"; };
		A2349086269B5DDC00539BE0 /* SavedElements-Table.swift */ = {isa = PBXFileReference; lastKnownFileType = sourcecode.swift; path = "SavedElements-Table.swift"; sourceTree = "<group>"; };
		A234908B269B5F6F00539BE0 /* MethodologyCell.swift */ = {isa = PBXFileReference; lastKnownFileType = sourcecode.swift; path = MethodologyCell.swift; sourceTree = "<group>"; };
		A234908C269B5F6F00539BE0 /* MethodologyCell.xib */ = {isa = PBXFileReference; lastKnownFileType = file.xib; path = MethodologyCell.xib; sourceTree = "<group>"; };
		A234908F269B5F8000539BE0 /* MethodologyCell-ViewModel.swift */ = {isa = PBXFileReference; lastKnownFileType = sourcecode.swift; path = "MethodologyCell-ViewModel.swift"; sourceTree = "<group>"; };
		A24BDD032695BC2500431E0A /* Faq-Table.swift */ = {isa = PBXFileReference; lastKnownFileType = sourcecode.swift; path = "Faq-Table.swift"; sourceTree = "<group>"; };
		A24BDD0E2695BD2200431E0A /* FaqHeaderTableCell.swift */ = {isa = PBXFileReference; lastKnownFileType = sourcecode.swift; path = FaqHeaderTableCell.swift; sourceTree = "<group>"; };
		A24BDD0F2695BD2200431E0A /* FaqHeaderTableCell.xib */ = {isa = PBXFileReference; lastKnownFileType = file.xib; path = FaqHeaderTableCell.xib; sourceTree = "<group>"; };
		A24BDD122695C09300431E0A /* FaqTableCell.swift */ = {isa = PBXFileReference; lastKnownFileType = sourcecode.swift; path = FaqTableCell.swift; sourceTree = "<group>"; };
		A24BDD132695C09300431E0A /* FaqTableCell.xib */ = {isa = PBXFileReference; lastKnownFileType = file.xib; path = FaqTableCell.xib; sourceTree = "<group>"; };
		A24BDD162695C0B800431E0A /* FaqTableCell-ViewModel.swift */ = {isa = PBXFileReference; lastKnownFileType = sourcecode.swift; path = "FaqTableCell-ViewModel.swift"; sourceTree = "<group>"; };
		A24BDD192695CAB600431E0A /* ChangePassword-Controller.swift */ = {isa = PBXFileReference; lastKnownFileType = sourcecode.swift; path = "ChangePassword-Controller.swift"; sourceTree = "<group>"; };
		A24BDD1B2695CE5800431E0A /* ChangePassword.storyboard */ = {isa = PBXFileReference; lastKnownFileType = file.storyboard; path = ChangePassword.storyboard; sourceTree = "<group>"; };
		A265F8C62695D57A006F750B /* TermsAndConditions-Controller.swift */ = {isa = PBXFileReference; lastKnownFileType = sourcecode.swift; path = "TermsAndConditions-Controller.swift"; sourceTree = "<group>"; };
		A265F8C82695D5C7006F750B /* TermsAndConditions.storyboard */ = {isa = PBXFileReference; lastKnownFileType = file.storyboard; path = TermsAndConditions.storyboard; sourceTree = "<group>"; };
		A276162F26977E850000AF1C /* Filter.swift */ = {isa = PBXFileReference; lastKnownFileType = sourcecode.swift; path = Filter.swift; sourceTree = "<group>"; };
		A276163126977EDF0000AF1C /* Answer.swift */ = {isa = PBXFileReference; lastKnownFileType = sourcecode.swift; path = Answer.swift; sourceTree = "<group>"; };
		A276163526978D9D0000AF1C /* FilterAnswers-Controller.swift */ = {isa = PBXFileReference; lastKnownFileType = sourcecode.swift; path = "FilterAnswers-Controller.swift"; sourceTree = "<group>"; };
		A276163726978E1F0000AF1C /* FilterAnswers.storyboard */ = {isa = PBXFileReference; lastKnownFileType = file.storyboard; path = FilterAnswers.storyboard; sourceTree = "<group>"; };
		A276163926978E690000AF1C /* FilterAnswers-ViewModel.swift */ = {isa = PBXFileReference; lastKnownFileType = sourcecode.swift; path = "FilterAnswers-ViewModel.swift"; sourceTree = "<group>"; };
		A276163B26978FD60000AF1C /* FilterAnswers-Table.swift */ = {isa = PBXFileReference; lastKnownFileType = sourcecode.swift; path = "FilterAnswers-Table.swift"; sourceTree = "<group>"; };
		A276163E269790A70000AF1C /* FilterAnswersCell.swift */ = {isa = PBXFileReference; lastKnownFileType = sourcecode.swift; path = FilterAnswersCell.swift; sourceTree = "<group>"; };
		A276163F269790A70000AF1C /* FilterAnswersCell.xib */ = {isa = PBXFileReference; lastKnownFileType = file.xib; path = FilterAnswersCell.xib; sourceTree = "<group>"; };
		A2761642269790BB0000AF1C /* FilterAnswersCell-ViewModel.swift */ = {isa = PBXFileReference; lastKnownFileType = sourcecode.swift; path = "FilterAnswersCell-ViewModel.swift"; sourceTree = "<group>"; };
		A2778DAD26930EE400E87A00 /* OnboardScroll-Controller.swift */ = {isa = PBXFileReference; lastKnownFileType = sourcecode.swift; path = "OnboardScroll-Controller.swift"; sourceTree = "<group>"; };
		A29D8AD2269B8E9800315ADB /* Methodology-Controller.swift */ = {isa = PBXFileReference; lastKnownFileType = sourcecode.swift; path = "Methodology-Controller.swift"; sourceTree = "<group>"; };
		A29D8AD4269B8ECB00315ADB /* Methodology.storyboard */ = {isa = PBXFileReference; lastKnownFileType = file.storyboard; path = Methodology.storyboard; sourceTree = "<group>"; };
		A29D8AD6269B8F0100315ADB /* Methodology-ViewModel.swift */ = {isa = PBXFileReference; lastKnownFileType = sourcecode.swift; path = "Methodology-ViewModel.swift"; sourceTree = "<group>"; };
		A2B4C74126943B6800DE6FAB /* OnboardScreen.swift */ = {isa = PBXFileReference; lastKnownFileType = sourcecode.swift; path = OnboardScreen.swift; sourceTree = "<group>"; };
		A2C937472696261000855283 /* PrivacyPolicy-Controller.swift */ = {isa = PBXFileReference; lastKnownFileType = sourcecode.swift; path = "PrivacyPolicy-Controller.swift"; sourceTree = "<group>"; };
		A2C937492696267B00855283 /* PrivacyPolicy.storyboard */ = {isa = PBXFileReference; lastKnownFileType = file.storyboard; path = PrivacyPolicy.storyboard; sourceTree = "<group>"; };
		A2C9374C26962A1000855283 /* ChangeLanguage-Controller.swift */ = {isa = PBXFileReference; lastKnownFileType = sourcecode.swift; path = "ChangeLanguage-Controller.swift"; sourceTree = "<group>"; };
		A2C9374E26962AA600855283 /* ChangeLanguage-ViewModel.swift */ = {isa = PBXFileReference; lastKnownFileType = sourcecode.swift; path = "ChangeLanguage-ViewModel.swift"; sourceTree = "<group>"; };
		A2C9375026962AEB00855283 /* ChangeLanguage.storyboard */ = {isa = PBXFileReference; lastKnownFileType = file.storyboard; path = ChangeLanguage.storyboard; sourceTree = "<group>"; };
		A2F066EE2696F9380066C1A8 /* Filters-Controller.swift */ = {isa = PBXFileReference; lastKnownFileType = sourcecode.swift; path = "Filters-Controller.swift"; sourceTree = "<group>"; };
		A2F066F02696FAA10066C1A8 /* Filters.storyboard */ = {isa = PBXFileReference; lastKnownFileType = file.storyboard; path = Filters.storyboard; sourceTree = "<group>"; };
		A2F066F22696FD7A0066C1A8 /* Filters-Table.swift */ = {isa = PBXFileReference; lastKnownFileType = sourcecode.swift; path = "Filters-Table.swift"; sourceTree = "<group>"; };
		A2F066F7269702C50066C1A8 /* FiltersQuestionCell.swift */ = {isa = PBXFileReference; lastKnownFileType = sourcecode.swift; path = FiltersQuestionCell.swift; sourceTree = "<group>"; };
		A2F066F8269702C50066C1A8 /* FiltersQuestionCell.xib */ = {isa = PBXFileReference; lastKnownFileType = file.xib; path = FiltersQuestionCell.xib; sourceTree = "<group>"; };
		A2F066FB2697051F0066C1A8 /* FiltersQuestionCell-ViewModel.swift */ = {isa = PBXFileReference; lastKnownFileType = sourcecode.swift; path = "FiltersQuestionCell-ViewModel.swift"; sourceTree = "<group>"; };
		A2F06701269710CD0066C1A8 /* Filters-ViewModel.swift */ = {isa = PBXFileReference; lastKnownFileType = sourcecode.swift; path = "Filters-ViewModel.swift"; sourceTree = "<group>"; };
		AA00012925E3C4EA000168C9 /* DatePicker-Controller.swift */ = {isa = PBXFileReference; fileEncoding = 4; lastKnownFileType = sourcecode.swift; path = "DatePicker-Controller.swift"; sourceTree = "<group>"; };
		AA00012A25E3C4EA000168C9 /* DatePicker.storyboard */ = {isa = PBXFileReference; fileEncoding = 4; lastKnownFileType = file.storyboard; path = DatePicker.storyboard; sourceTree = "<group>"; };
		AA00012B25E3C4EA000168C9 /* DatePicker-ViewModel.swift */ = {isa = PBXFileReference; fileEncoding = 4; lastKnownFileType = sourcecode.swift; path = "DatePicker-ViewModel.swift"; sourceTree = "<group>"; };
		D1506F229DF431862D70DE92 /* Pods_Template.framework */ = {isa = PBXFileReference; explicitFileType = wrapper.framework; includeInIndex = 0; path = Pods_Template.framework; sourceTree = BUILT_PRODUCTS_DIR; };
		E3D14DC4242D069600436D51 /* Generic-API.swift */ = {isa = PBXFileReference; lastKnownFileType = sourcecode.swift; path = "Generic-API.swift"; sourceTree = "<group>"; };
		E3D14DC6242D06A400436D51 /* Generic-Service.swift */ = {isa = PBXFileReference; lastKnownFileType = sourcecode.swift; path = "Generic-Service.swift"; sourceTree = "<group>"; };
		E3D14DC9242D06DF00436D51 /* UpdateRequired.swift */ = {isa = PBXFileReference; lastKnownFileType = sourcecode.swift; path = UpdateRequired.swift; sourceTree = "<group>"; };
		E3D14DCC242D081B00436D51 /* Globals.swift */ = {isa = PBXFileReference; lastKnownFileType = sourcecode.swift; path = Globals.swift; sourceTree = "<group>"; };
/* End PBXFileReference section */

/* Begin PBXFrameworksBuildPhase section */
		3147D613241906FB00E741D3 /* Frameworks */ = {
			isa = PBXFrameworksBuildPhase;
			buildActionMask = 2147483647;
			files = (
				173477010FDF5F82D5655E93 /* Pods_Template.framework in Frameworks */,
			);
			runOnlyForDeploymentPostprocessing = 0;
		};
/* End PBXFrameworksBuildPhase section */

/* Begin PBXGroup section */
		310FC91724192DC2002EFCD4 /* Login */ = {
			isa = PBXGroup;
			children = (
				310FC91A24192EA3002EFCD4 /* Login-Controller.swift */,
				310FC91824192DCE002EFCD4 /* Login.storyboard */,
			);
			path = Login;
			sourceTree = "<group>";
		};
		310FC91C24192FFF002EFCD4 /* RecoverPassword */ = {
			isa = PBXGroup;
			children = (
				310FC91F2419306E002EFCD4 /* RecoverPassword-Controller.swift */,
				310FC91D24193014002EFCD4 /* RecoverPassword.storyboard */,
			);
			path = RecoverPassword;
			sourceTree = "<group>";
		};
		3147D60D241906FB00E741D3 = {
			isa = PBXGroup;
			children = (
				3147D618241906FB00E741D3 /* Template */,
				3147D617241906FB00E741D3 /* Products */,
				69AC5314814C2BB09CF305FC /* Pods */,
				348F631A46D5B3BB5F1D0EEC /* Frameworks */,
			);
			sourceTree = "<group>";
		};
		3147D617241906FB00E741D3 /* Products */ = {
			isa = PBXGroup;
			children = (
				3147D616241906FB00E741D3 /* Template.app */,
			);
			name = Products;
			sourceTree = "<group>";
		};
		3147D618241906FB00E741D3 /* Template */ = {
			isa = PBXGroup;
			children = (
				3147D619241906FB00E741D3 /* AppDelegate.swift */,
				3147D627241906FD00E741D3 /* Info.plist */,
				3147D624241906FD00E741D3 /* LaunchScreen.storyboard */,
				E3D14DCB242D080B00436D51 /* Configuration */,
				3147D62D2419071700E741D3 /* Modules */,
				31981E3B24190ACA00D25074 /* Custom Elements */,
				E3D14DC8242D06C300436D51 /* Models */,
				945B159825595DC9003A65E0 /* Helpers */,
				E3D14DC0242D05D800436D51 /* API */,
				3147D62E2419074F00E741D3 /* Resources */,
			);
			path = Template;
			sourceTree = "<group>";
		};
		3147D62D2419071700E741D3 /* Modules */ = {
			isa = PBXGroup;
			children = (
				A20E015D26959F11000131BF /* Main */,
				A20EE9D0269454E500128096 /* Onboard */,
				3147D62F2419075A00E741D3 /* Startup */,
				310FC91724192DC2002EFCD4 /* Login */,
				31981E432419199600D25074 /* Register */,
				310FC91C24192FFF002EFCD4 /* RecoverPassword */,
				A20EE9E626947DFC00128096 /* TabBar */,
				A234906B269B51D800539BE0 /* Home */,
				A234907F269B5CAC00539BE0 /* SavedElements */,
				A29D8AD1269B8E7300315ADB /* Methodology */,
				A20E01582695849D000131BF /* Profile */,
				A20E01622695ABE5000131BF /* EditProfile */,
				A24BDD182695CA7300431E0A /* ChangePassword */,
				A2C9374B269629DB00855283 /* ChangeLanguage */,
				A20E01692695B675000131BF /* FAQ */,
				A265F8C42695D3D5006F750B /* TermsAndConditions */,
				A265F8C52695D3E5006F750B /* PrivacyPolicy */,
				A2F066ED2696F0B20066C1A8 /* Filters */,
				A276163426978D420000AF1C /* FilterAnswers */,
				A215D3F2269A27AD00BC7975 /* FilterDevices */,
			);
			path = Modules;
			sourceTree = "<group>";
		};
		3147D62E2419074F00E741D3 /* Resources */ = {
			isa = PBXGroup;
			children = (
				3147D622241906FD00E741D3 /* Assets.xcassets */,
			);
			path = Resources;
			sourceTree = "<group>";
		};
		3147D62F2419075A00E741D3 /* Startup */ = {
			isa = PBXGroup;
			children = (
				3147D61D241906FB00E741D3 /* Startup-Controller.swift */,
				3147D61F241906FB00E741D3 /* Startup.storyboard */,
			);
			path = Startup;
			sourceTree = "<group>";
		};
		31981E3B24190ACA00D25074 /* Custom Elements */ = {
			isa = PBXGroup;
			children = (
				A24BDD052695BC8C00431E0A /* TableCells */,
				A20EE9D826945AE300128096 /* CollectionCells */,
				AA00012725E3C4B6000168C9 /* SuportingModules */,
				943CE5F92546DFBC00CA93AA /* Designables */,
				31981E46241919BD00D25074 /* Custom Views */,
			);
			path = "Custom Elements";
			sourceTree = "<group>";
		};
		31981E432419199600D25074 /* Register */ = {
			isa = PBXGroup;
			children = (
				310FC91524192781002EFCD4 /* Register-Controller.swift */,
				31981E44241919A300D25074 /* Register.storyboard */,
			);
			path = Register;
			sourceTree = "<group>";
		};
		31981E46241919BD00D25074 /* Custom Views */ = {
			isa = PBXGroup;
			children = (
				31981E47241919C400D25074 /* CustomTextField */,
			);
			path = "Custom Views";
			sourceTree = "<group>";
		};
		31981E47241919C400D25074 /* CustomTextField */ = {
			isa = PBXGroup;
			children = (
				31981E4A24191A4500D25074 /* CustomTextField.swift */,
				31981E4C24191C2F00D25074 /* CustomTextField-Models.swift */,
				31981E48241919D300D25074 /* CustomTextField.xib */,
			);
			path = CustomTextField;
			sourceTree = "<group>";
		};
		348F631A46D5B3BB5F1D0EEC /* Frameworks */ = {
			isa = PBXGroup;
			children = (
				D1506F229DF431862D70DE92 /* Pods_Template.framework */,
			);
			name = Frameworks;
			sourceTree = "<group>";
		};
		69AC5314814C2BB09CF305FC /* Pods */ = {
			isa = PBXGroup;
			children = (
				4EB52597CD4FFE0A6118986D /* Pods-Template.debug.xcconfig */,
				02C00E7AF17CF769ACF2D8AF /* Pods-Template.release.xcconfig */,
			);
			path = Pods;
			sourceTree = "<group>";
		};
		943CE5F92546DFBC00CA93AA /* Designables */ = {
			isa = PBXGroup;
			children = (
				943CE5FA2546DFBC00CA93AA /* CustomView.swift */,
				943CE5FB2546DFBC00CA93AA /* CustomButton.swift */,
				943CE5FC2546DFBC00CA93AA /* CustomImageView.swift */,
			);
			path = Designables;
			sourceTree = "<group>";
		};
		945B159825595DC9003A65E0 /* Helpers */ = {
			isa = PBXGroup;
			children = (
				945B159F25595DC9003A65E0 /* Extensions */,
				945B159925595DC9003A65E0 /* TableParent.swift */,
				945B159A25595DC9003A65E0 /* Log.swift */,
				945B159B25595DC9003A65E0 /* Dynamic.swift */,
				945B159C25595DC9003A65E0 /* RootViewController.swift */,
				945B159D25595DC9003A65E0 /* CellsHelper.swift */,
				945B159E25595DC9003A65E0 /* ViewModel.swift */,
				945B15A725595DC9003A65E0 /* Presenter.swift */,
				945B15A825595DC9003A65E0 /* Pagination.swift */,
				945B15A925595DC9003A65E0 /* Window.swift */,
				945B15AA25595DC9003A65E0 /* ViewControllerHelper.swift */,
				945B15AB25595DC9003A65E0 /* Cache.swift */,
				A01CC49025D2FB3700404685 /* LocalizedKey.swift */,
			);
			path = Helpers;
			sourceTree = "<group>";
		};
		945B159F25595DC9003A65E0 /* Extensions */ = {
			isa = PBXGroup;
			children = (
				945B15A025595DC9003A65E0 /* Date.swift */,
				945B15A125595DC9003A65E0 /* UIColor.swift */,
				945B15A225595DC9003A65E0 /* Int.swift */,
				945B15A325595DC9003A65E0 /* UITableViewCell.swift */,
				945B15A425595DC9003A65E0 /* String.swift */,
				945B15A525595DC9003A65E0 /* URLRequestConvertible.swift */,
				945B15A625595DC9003A65E0 /* UIImage.swift */,
			);
			path = Extensions;
			sourceTree = "<group>";
		};
		A20E01582695849D000131BF /* Profile */ = {
			isa = PBXGroup;
			children = (
				A20E0159269584B1000131BF /* Profile-Controller.swift */,
				A20E015B269584C2000131BF /* Profile.storyboard */,
			);
			path = Profile;
			sourceTree = "<group>";
		};
		A20E015D26959F11000131BF /* Main */ = {
			isa = PBXGroup;
			children = (
				A20E015E26959F30000131BF /* Main-Controller.swift */,
				A20E016026959F40000131BF /* Main.storyboard */,
			);
			path = Main;
			sourceTree = "<group>";
		};
		A20E01622695ABE5000131BF /* EditProfile */ = {
			isa = PBXGroup;
			children = (
				A20E01632695AC08000131BF /* EditProfile-Controller.swift */,
				A20E01652695AC12000131BF /* EditProfile.storyboard */,
			);
			path = EditProfile;
			sourceTree = "<group>";
		};
		A20E01692695B675000131BF /* FAQ */ = {
			isa = PBXGroup;
			children = (
				A20E016A2695B68A000131BF /* Faq-Controller.swift */,
				A20E016E2695B755000131BF /* Faq-ViewModel.swift */,
				A24BDD032695BC2500431E0A /* Faq-Table.swift */,
				A20E016C2695B691000131BF /* Faq.storyboard */,
			);
			path = FAQ;
			sourceTree = "<group>";
		};
		A20EE9D0269454E500128096 /* Onboard */ = {
			isa = PBXGroup;
			children = (
				A20EE9D1269454EE00128096 /* OnboardCollection */,
				A2778DAC26930EA600E87A00 /* OnboardScroll */,
			);
			path = Onboard;
			sourceTree = "<group>";
		};
		A20EE9D1269454EE00128096 /* OnboardCollection */ = {
			isa = PBXGroup;
			children = (
				A20EE9D22694550D00128096 /* OnboardCollection-Controller.swift */,
				A20EE9D62694575A00128096 /* OnboardCollection-Collection.swift */,
				A20EE9E0269461D900128096 /* OnboardCollection-ViewModel.swift */,
				A20EE9D42694553C00128096 /* OnboardCollection.storyboard */,
			);
			path = OnboardCollection;
			sourceTree = "<group>";
		};
		A20EE9D826945AE300128096 /* CollectionCells */ = {
			isa = PBXGroup;
			children = (
				A20EE9D926945AF500128096 /* OnboardCell */,
			);
			path = CollectionCells;
			sourceTree = "<group>";
		};
		A20EE9D926945AF500128096 /* OnboardCell */ = {
			isa = PBXGroup;
			children = (
				A20EE9DA26945B2A00128096 /* OnboardCell.swift */,
				A20EE9DE2694603300128096 /* OnboardCellViewModel.swift */,
				A20EE9DB26945B2A00128096 /* OnboardCell.xib */,
			);
			path = OnboardCell;
			sourceTree = "<group>";
		};
		A20EE9E626947DFC00128096 /* TabBar */ = {
			isa = PBXGroup;
			children = (
				A20EE9EB269482B300128096 /* TabBar-Controller.swift */,
				A20EE9E926947E3C00128096 /* TabBar.storyboard */,
			);
			path = TabBar;
			sourceTree = "<group>";
		};
		A215D3F2269A27AD00BC7975 /* FilterDevices */ = {
			isa = PBXGroup;
			children = (
				A215D3F3269A27EE00BC7975 /* FilterDevices-Controller.swift */,
				A215D3F5269A285800BC7975 /* FilterDevices-ViewModel.swift */,
				A215D3F7269A297D00BC7975 /* FilterDevices-Table.swift */,
				A215D3F9269A2A0200BC7975 /* FilterDevices.storyboard */,
			);
			path = FilterDevices;
			sourceTree = "<group>";
		};
		A234906B269B51D800539BE0 /* Home */ = {
			isa = PBXGroup;
			children = (
				A234906E269B520500539BE0 /* Home-Controller.swift */,
				A2349070269B525000539BE0 /* Home-ViewModel.swift */,
				A2349072269B52CF00539BE0 /* Home-Table.swift */,
				A234907D269B5AEF00539BE0 /* Home-SearchBar.swift */,
				A234906C269B51EE00539BE0 /* Home.storyboard */,
			);
			path = Home;
			sourceTree = "<group>";
		};
		A234907F269B5CAC00539BE0 /* SavedElements */ = {
			isa = PBXGroup;
			children = (
				A2349080269B5CD800539BE0 /* SavedElements-Controller.swift */,
				A2349084269B5CF100539BE0 /* SavedElements-ViewModel.swift */,
				A2349086269B5DDC00539BE0 /* SavedElements-Table.swift */,
				A2349082269B5CE300539BE0 /* SavedElements.storyboard */,
			);
			path = SavedElements;
			sourceTree = "<group>";
		};
		A2349088269B5F3600539BE0 /* MethodologyCell */ = {
			isa = PBXGroup;
			children = (
				A234908B269B5F6F00539BE0 /* MethodologyCell.swift */,
				A234908F269B5F8000539BE0 /* MethodologyCell-ViewModel.swift */,
				A234908C269B5F6F00539BE0 /* MethodologyCell.xib */,
			);
			path = MethodologyCell;
			sourceTree = "<group>";
		};
		A24BDD052695BC8C00431E0A /* TableCells */ = {
			isa = PBXGroup;
			children = (
				A24BDD0C2695BCEB00431E0A /* FAQHeaderCell */,
				A24BDD0D2695BCF400431E0A /* FAQCell */,
				A2F066F4269702760066C1A8 /* FiltersQuestionCell */,
				A276163D269790670000AF1C /* FilterAnswersCell */,
				A2349088269B5F3600539BE0 /* MethodologyCell */,
			);
			path = TableCells;
			sourceTree = "<group>";
		};
		A24BDD0C2695BCEB00431E0A /* FAQHeaderCell */ = {
			isa = PBXGroup;
			children = (
				A24BDD0E2695BD2200431E0A /* FaqHeaderTableCell.swift */,
				A24BDD0F2695BD2200431E0A /* FaqHeaderTableCell.xib */,
			);
			path = FAQHeaderCell;
			sourceTree = "<group>";
		};
		A24BDD0D2695BCF400431E0A /* FAQCell */ = {
			isa = PBXGroup;
			children = (
				A24BDD122695C09300431E0A /* FaqTableCell.swift */,
				A24BDD162695C0B800431E0A /* FaqTableCell-ViewModel.swift */,
				A24BDD132695C09300431E0A /* FaqTableCell.xib */,
			);
			path = FAQCell;
			sourceTree = "<group>";
		};
		A24BDD182695CA7300431E0A /* ChangePassword */ = {
			isa = PBXGroup;
			children = (
				A24BDD192695CAB600431E0A /* ChangePassword-Controller.swift */,
				A24BDD1B2695CE5800431E0A /* ChangePassword.storyboard */,
			);
			path = ChangePassword;
			sourceTree = "<group>";
		};
		A265F8C42695D3D5006F750B /* TermsAndConditions */ = {
			isa = PBXGroup;
			children = (
				A265F8C62695D57A006F750B /* TermsAndConditions-Controller.swift */,
				A265F8C82695D5C7006F750B /* TermsAndConditions.storyboard */,
			);
			path = TermsAndConditions;
			sourceTree = "<group>";
		};
		A265F8C52695D3E5006F750B /* PrivacyPolicy */ = {
			isa = PBXGroup;
			children = (
				A2C937472696261000855283 /* PrivacyPolicy-Controller.swift */,
				A2C937492696267B00855283 /* PrivacyPolicy.storyboard */,
			);
			path = PrivacyPolicy;
			sourceTree = "<group>";
		};
		A276163426978D420000AF1C /* FilterAnswers */ = {
			isa = PBXGroup;
			children = (
				A276163526978D9D0000AF1C /* FilterAnswers-Controller.swift */,
				A276163926978E690000AF1C /* FilterAnswers-ViewModel.swift */,
				A276163B26978FD60000AF1C /* FilterAnswers-Table.swift */,
				A276163726978E1F0000AF1C /* FilterAnswers.storyboard */,
			);
			path = FilterAnswers;
			sourceTree = "<group>";
		};
		A276163D269790670000AF1C /* FilterAnswersCell */ = {
			isa = PBXGroup;
			children = (
				A276163E269790A70000AF1C /* FilterAnswersCell.swift */,
				A2761642269790BB0000AF1C /* FilterAnswersCell-ViewModel.swift */,
				A276163F269790A70000AF1C /* FilterAnswersCell.xib */,
			);
			path = FilterAnswersCell;
			sourceTree = "<group>";
		};
		A2778DAC26930EA600E87A00 /* OnboardScroll */ = {
			isa = PBXGroup;
			children = (
				A2778DAD26930EE400E87A00 /* OnboardScroll-Controller.swift */,
				A20EE9E22694696600128096 /* OnboardScroll-ViewModel.swift */,
				A20EE9E426946AB100128096 /* OnboardScroll-Scroll.swift */,
				A20EE9CE269453F600128096 /* OnboardScroll.storyboard */,
			);
			path = OnboardScroll;
			sourceTree = "<group>";
		};
		A29D8AD1269B8E7300315ADB /* Methodology */ = {
			isa = PBXGroup;
			children = (
				A29D8AD2269B8E9800315ADB /* Methodology-Controller.swift */,
				A29D8AD6269B8F0100315ADB /* Methodology-ViewModel.swift */,
				A29D8AD4269B8ECB00315ADB /* Methodology.storyboard */,
			);
			path = Methodology;
			sourceTree = "<group>";
		};
		A2C9374B269629DB00855283 /* ChangeLanguage */ = {
			isa = PBXGroup;
			children = (
				A2C9374C26962A1000855283 /* ChangeLanguage-Controller.swift */,
				A2C9374E26962AA600855283 /* ChangeLanguage-ViewModel.swift */,
				A2C9375026962AEB00855283 /* ChangeLanguage.storyboard */,
			);
			path = ChangeLanguage;
			sourceTree = "<group>";
		};
		A2F066ED2696F0B20066C1A8 /* Filters */ = {
			isa = PBXGroup;
			children = (
				A2F066EE2696F9380066C1A8 /* Filters-Controller.swift */,
				A2F06701269710CD0066C1A8 /* Filters-ViewModel.swift */,
				A2F066F22696FD7A0066C1A8 /* Filters-Table.swift */,
				A2F066F02696FAA10066C1A8 /* Filters.storyboard */,
			);
			path = Filters;
			sourceTree = "<group>";
		};
		A2F066F4269702760066C1A8 /* FiltersQuestionCell */ = {
			isa = PBXGroup;
			children = (
				A2F066F7269702C50066C1A8 /* FiltersQuestionCell.swift */,
				A2F066FB2697051F0066C1A8 /* FiltersQuestionCell-ViewModel.swift */,
				A2F066F8269702C50066C1A8 /* FiltersQuestionCell.xib */,
			);
			path = FiltersQuestionCell;
			sourceTree = "<group>";
		};
		AA00012725E3C4B6000168C9 /* SuportingModules */ = {
			isa = PBXGroup;
			children = (
				AA00012825E3C4EA000168C9 /* DatePicker */,
			);
			path = SuportingModules;
			sourceTree = "<group>";
		};
		AA00012825E3C4EA000168C9 /* DatePicker */ = {
			isa = PBXGroup;
			children = (
				AA00012925E3C4EA000168C9 /* DatePicker-Controller.swift */,
				AA00012A25E3C4EA000168C9 /* DatePicker.storyboard */,
				AA00012B25E3C4EA000168C9 /* DatePicker-ViewModel.swift */,
			);
			path = DatePicker;
			sourceTree = "<group>";
		};
		E3D14DC0242D05D800436D51 /* API */ = {
			isa = PBXGroup;
			children = (
				943CE5CA2546DF7600CA93AA /* API.swift */,
				943CE5CD2546DF7B00CA93AA /* Interceptor.swift */,
				E3D14DC3242D068100436D51 /* Generic */,
			);
			path = API;
			sourceTree = "<group>";
		};
		E3D14DC3242D068100436D51 /* Generic */ = {
			isa = PBXGroup;
			children = (
				E3D14DC4242D069600436D51 /* Generic-API.swift */,
				E3D14DC6242D06A400436D51 /* Generic-Service.swift */,
			);
			path = Generic;
			sourceTree = "<group>";
		};
		E3D14DC8242D06C300436D51 /* Models */ = {
			isa = PBXGroup;
			children = (
				E3D14DC9242D06DF00436D51 /* UpdateRequired.swift */,
				A2B4C74126943B6800DE6FAB /* OnboardScreen.swift */,
				A20E01672695B5CE000131BF /* Faq.swift */,
				A276162F26977E850000AF1C /* Filter.swift */,
				A276163126977EDF0000AF1C /* Answer.swift */,
				A2349074269B577900539BE0 /* Methodology.swift */,
			);
			path = Models;
			sourceTree = "<group>";
		};
		E3D14DCB242D080B00436D51 /* Configuration */ = {
			isa = PBXGroup;
			children = (
				E3D14DCC242D081B00436D51 /* Globals.swift */,
			);
			path = Configuration;
			sourceTree = "<group>";
		};
/* End PBXGroup section */

/* Begin PBXNativeTarget section */
		3147D615241906FB00E741D3 /* Template */ = {
			isa = PBXNativeTarget;
			buildConfigurationList = 3147D62A241906FD00E741D3 /* Build configuration list for PBXNativeTarget "Template" */;
			buildPhases = (
				C2E5E0C232EA7583A0E6AAB4 /* [CP] Check Pods Manifest.lock */,
				3147D612241906FB00E741D3 /* Sources */,
				3147D613241906FB00E741D3 /* Frameworks */,
				3147D614241906FB00E741D3 /* Resources */,
				FF2AAAD8D4807F9B36FF850D /* [CP] Embed Pods Frameworks */,
			);
			buildRules = (
			);
			dependencies = (
			);
			name = Template;
			productName = Template;
			productReference = 3147D616241906FB00E741D3 /* Template.app */;
			productType = "com.apple.product-type.application";
		};
/* End PBXNativeTarget section */

/* Begin PBXProject section */
		3147D60E241906FB00E741D3 /* Project object */ = {
			isa = PBXProject;
			attributes = {
				LastSwiftUpdateCheck = 1130;
				LastUpgradeCheck = 1130;
				ORGANIZATIONNAME = Rudo;
				TargetAttributes = {
					3147D615241906FB00E741D3 = {
						CreatedOnToolsVersion = 11.3.1;
					};
				};
			};
			buildConfigurationList = 3147D611241906FB00E741D3 /* Build configuration list for PBXProject "Template" */;
			compatibilityVersion = "Xcode 9.3";
			developmentRegion = en;
			hasScannedForEncodings = 0;
			knownRegions = (
				en,
				Base,
			);
			mainGroup = 3147D60D241906FB00E741D3;
			productRefGroup = 3147D617241906FB00E741D3 /* Products */;
			projectDirPath = "";
			projectRoot = "";
			targets = (
				3147D615241906FB00E741D3 /* Template */,
			);
		};
/* End PBXProject section */

/* Begin PBXResourcesBuildPhase section */
		3147D614241906FB00E741D3 /* Resources */ = {
			isa = PBXResourcesBuildPhase;
			buildActionMask = 2147483647;
			files = (
				A215D3FA269A2A0200BC7975 /* FilterDevices.storyboard in Resources */,
				AA00012D25E3C4EA000168C9 /* DatePicker.storyboard in Resources */,
				A24BDD1C2695CE5800431E0A /* ChangePassword.storyboard in Resources */,
				31981E49241919D300D25074 /* CustomTextField.xib in Resources */,
				A20EE9CF269453F600128096 /* OnboardScroll.storyboard in Resources */,
				A234908E269B5F6F00539BE0 /* MethodologyCell.xib in Resources */,
				310FC91E24193014002EFCD4 /* RecoverPassword.storyboard in Resources */,
				A29D8AD5269B8ECB00315ADB /* Methodology.storyboard in Resources */,
				A20EE9EA26947E3C00128096 /* TabBar.storyboard in Resources */,
				A234906D269B51EE00539BE0 /* Home.storyboard in Resources */,
				A20E015C269584C2000131BF /* Profile.storyboard in Resources */,
				A24BDD112695BD2200431E0A /* FaqHeaderTableCell.xib in Resources */,
				A2C9375126962AEB00855283 /* ChangeLanguage.storyboard in Resources */,
				A265F8C92695D5C7006F750B /* TermsAndConditions.storyboard in Resources */,
				A2349083269B5CE300539BE0 /* SavedElements.storyboard in Resources */,
				A20E01662695AC12000131BF /* EditProfile.storyboard in Resources */,
				A2761641269790A70000AF1C /* FilterAnswersCell.xib in Resources */,
				A20EE9DD26945B2A00128096 /* OnboardCell.xib in Resources */,
				A2F066F12696FAA10066C1A8 /* Filters.storyboard in Resources */,
				A20E016126959F40000131BF /* Main.storyboard in Resources */,
				A20EE9D52694553C00128096 /* OnboardCollection.storyboard in Resources */,
				A24BDD152695C09300431E0A /* FaqTableCell.xib in Resources */,
				A2C9374A2696267B00855283 /* PrivacyPolicy.storyboard in Resources */,
				A2F066FA269702C50066C1A8 /* FiltersQuestionCell.xib in Resources */,
				3147D626241906FD00E741D3 /* LaunchScreen.storyboard in Resources */,
				310FC91924192DCE002EFCD4 /* Login.storyboard in Resources */,
				3147D623241906FD00E741D3 /* Assets.xcassets in Resources */,
				A20E016D2695B691000131BF /* Faq.storyboard in Resources */,
				3147D621241906FB00E741D3 /* Startup.storyboard in Resources */,
				31981E45241919A300D25074 /* Register.storyboard in Resources */,
				A276163826978E1F0000AF1C /* FilterAnswers.storyboard in Resources */,
			);
			runOnlyForDeploymentPostprocessing = 0;
		};
/* End PBXResourcesBuildPhase section */

/* Begin PBXShellScriptBuildPhase section */
		C2E5E0C232EA7583A0E6AAB4 /* [CP] Check Pods Manifest.lock */ = {
			isa = PBXShellScriptBuildPhase;
			buildActionMask = 2147483647;
			files = (
			);
			inputFileListPaths = (
			);
			inputPaths = (
				"${PODS_PODFILE_DIR_PATH}/Podfile.lock",
				"${PODS_ROOT}/Manifest.lock",
			);
			name = "[CP] Check Pods Manifest.lock";
			outputFileListPaths = (
			);
			outputPaths = (
				"$(DERIVED_FILE_DIR)/Pods-Template-checkManifestLockResult.txt",
			);
			runOnlyForDeploymentPostprocessing = 0;
			shellPath = /bin/sh;
			shellScript = "diff \"${PODS_PODFILE_DIR_PATH}/Podfile.lock\" \"${PODS_ROOT}/Manifest.lock\" > /dev/null\nif [ $? != 0 ] ; then\n    # print error to STDERR\n    echo \"error: The sandbox is not in sync with the Podfile.lock. Run 'pod install' or update your CocoaPods installation.\" >&2\n    exit 1\nfi\n# This output is used by Xcode 'outputs' to avoid re-running this script phase.\necho \"SUCCESS\" > \"${SCRIPT_OUTPUT_FILE_0}\"\n";
			showEnvVarsInLog = 0;
		};
		FF2AAAD8D4807F9B36FF850D /* [CP] Embed Pods Frameworks */ = {
			isa = PBXShellScriptBuildPhase;
			buildActionMask = 2147483647;
			files = (
			);
			inputFileListPaths = (
				"${PODS_ROOT}/Target Support Files/Pods-Template/Pods-Template-frameworks-${CONFIGURATION}-input-files.xcfilelist",
			);
			name = "[CP] Embed Pods Frameworks";
			outputFileListPaths = (
				"${PODS_ROOT}/Target Support Files/Pods-Template/Pods-Template-frameworks-${CONFIGURATION}-output-files.xcfilelist",
			);
			runOnlyForDeploymentPostprocessing = 0;
			shellPath = /bin/sh;
			shellScript = "\"${PODS_ROOT}/Target Support Files/Pods-Template/Pods-Template-frameworks.sh\"\n";
			showEnvVarsInLog = 0;
		};
/* End PBXShellScriptBuildPhase section */

/* Begin PBXSourcesBuildPhase section */
		3147D612241906FB00E741D3 /* Sources */ = {
			isa = PBXSourcesBuildPhase;
			buildActionMask = 2147483647;
			files = (
				945B15BA25595DC9003A65E0 /* Pagination.swift in Sources */,
				A2349085269B5CF100539BE0 /* SavedElements-ViewModel.swift in Sources */,
				A2778DAE26930EE400E87A00 /* OnboardScroll-Controller.swift in Sources */,
				945B15B225595DC9003A65E0 /* Date.swift in Sources */,
				943CE5FD2546DFBC00CA93AA /* CustomView.swift in Sources */,
				945B15AC25595DC9003A65E0 /* TableParent.swift in Sources */,
				A2349081269B5CD800539BE0 /* SavedElements-Controller.swift in Sources */,
				A234908D269B5F6F00539BE0 /* MethodologyCell.swift in Sources */,
				A24BDD172695C0B800431E0A /* FaqTableCell-ViewModel.swift in Sources */,
				945B15BD25595DC9003A65E0 /* Cache.swift in Sources */,
				A20EE9E1269461D900128096 /* OnboardCollection-ViewModel.swift in Sources */,
				A2349090269B5F8000539BE0 /* MethodologyCell-ViewModel.swift in Sources */,
				A29D8AD7269B8F0100315ADB /* Methodology-ViewModel.swift in Sources */,
				945B15B625595DC9003A65E0 /* String.swift in Sources */,
				A2349071269B525000539BE0 /* Home-ViewModel.swift in Sources */,
				A276163226977EDF0000AF1C /* Answer.swift in Sources */,
				945B15AD25595DC9003A65E0 /* Log.swift in Sources */,
				A2C9374D26962A1000855283 /* ChangeLanguage-Controller.swift in Sources */,
				31981E4B24191A4500D25074 /* CustomTextField.swift in Sources */,
				943CE5CE2546DF7B00CA93AA /* Interceptor.swift in Sources */,
				A20EE9DF2694603300128096 /* OnboardCellViewModel.swift in Sources */,
				945B15B725595DC9003A65E0 /* URLRequestConvertible.swift in Sources */,
				310FC91B24192EA3002EFCD4 /* Login-Controller.swift in Sources */,
				A276163626978D9D0000AF1C /* FilterAnswers-Controller.swift in Sources */,
				A234906F269B520500539BE0 /* Home-Controller.swift in Sources */,
				A20EE9D72694575A00128096 /* OnboardCollection-Collection.swift in Sources */,
				A20EE9E526946AB100128096 /* OnboardScroll-Scroll.swift in Sources */,
				A2349087269B5DDC00539BE0 /* SavedElements-Table.swift in Sources */,
				E3D14DC7242D06A400436D51 /* Generic-Service.swift in Sources */,
				A215D3F8269A297D00BC7975 /* FilterDevices-Table.swift in Sources */,
				3147D61E241906FB00E741D3 /* Startup-Controller.swift in Sources */,
				A20EE9EC269482B300128096 /* TabBar-Controller.swift in Sources */,
				A276163A26978E690000AF1C /* FilterAnswers-ViewModel.swift in Sources */,
				A2C937482696261000855283 /* PrivacyPolicy-Controller.swift in Sources */,
				A234907E269B5AEF00539BE0 /* Home-SearchBar.swift in Sources */,
				A20E015F26959F30000131BF /* Main-Controller.swift in Sources */,
				A20EE9DC26945B2A00128096 /* OnboardCell.swift in Sources */,
				A20E01642695AC08000131BF /* EditProfile-Controller.swift in Sources */,
				AA00012E25E3C4EA000168C9 /* DatePicker-ViewModel.swift in Sources */,
				A265F8C72695D57A006F750B /* TermsAndConditions-Controller.swift in Sources */,
				E3D14DCD242D081B00436D51 /* Globals.swift in Sources */,
				A2F066F32696FD7A0066C1A8 /* Filters-Table.swift in Sources */,
				943CE5FF2546DFBC00CA93AA /* CustomImageView.swift in Sources */,
				AA00012C25E3C4EA000168C9 /* DatePicker-Controller.swift in Sources */,
				945B15AF25595DC9003A65E0 /* RootViewController.swift in Sources */,
				A2B4C74226943B6800DE6FAB /* OnboardScreen.swift in Sources */,
				A276163026977E850000AF1C /* Filter.swift in Sources */,
				943CE5CB2546DF7600CA93AA /* API.swift in Sources */,
				A2349073269B52CF00539BE0 /* Home-Table.swift in Sources */,
				945B15B325595DC9003A65E0 /* UIColor.swift in Sources */,
				945B15AE25595DC9003A65E0 /* Dynamic.swift in Sources */,
				A29D8AD3269B8E9800315ADB /* Methodology-Controller.swift in Sources */,
				A24BDD102695BD2200431E0A /* FaqHeaderTableCell.swift in Sources */,
				E3D14DC5242D069600436D51 /* Generic-API.swift in Sources */,
				A276163C26978FD60000AF1C /* FilterAnswers-Table.swift in Sources */,
				945B15B125595DC9003A65E0 /* ViewModel.swift in Sources */,
				A24BDD042695BC2500431E0A /* Faq-Table.swift in Sources */,
				945B15B825595DC9003A65E0 /* UIImage.swift in Sources */,
				3147D61A241906FB00E741D3 /* AppDelegate.swift in Sources */,
				A24BDD142695C09300431E0A /* FaqTableCell.swift in Sources */,
				310FC91624192781002EFCD4 /* Register-Controller.swift in Sources */,
				A20E016B2695B68A000131BF /* Faq-Controller.swift in Sources */,
				A01CC49125D2FB3700404685 /* LocalizedKey.swift in Sources */,
				310FC9202419306E002EFCD4 /* RecoverPassword-Controller.swift in Sources */,
				A2761643269790BB0000AF1C /* FilterAnswersCell-ViewModel.swift in Sources */,
				945B15B025595DC9003A65E0 /* CellsHelper.swift in Sources */,
				A2349075269B577900539BE0 /* Methodology.swift in Sources */,
				A215D3F6269A285800BC7975 /* FilterDevices-ViewModel.swift in Sources */,
				A20E015A269584B1000131BF /* Profile-Controller.swift in Sources */,
				A2F06702269710CD0066C1A8 /* Filters-ViewModel.swift in Sources */,
				945B15B925595DC9003A65E0 /* Presenter.swift in Sources */,
				A215D3F4269A27EE00BC7975 /* FilterDevices-Controller.swift in Sources */,
				31981E4D24191C2F00D25074 /* CustomTextField-Models.swift in Sources */,
				945B15B425595DC9003A65E0 /* Int.swift in Sources */,
				A2F066FC2697051F0066C1A8 /* FiltersQuestionCell-ViewModel.swift in Sources */,
				E3D14DCA242D06DF00436D51 /* UpdateRequired.swift in Sources */,
				A20EE9D32694550D00128096 /* OnboardCollection-Controller.swift in Sources */,
				943CE5FE2546DFBC00CA93AA /* CustomButton.swift in Sources */,
				A20E016F2695B755000131BF /* Faq-ViewModel.swift in Sources */,
				A20E01682695B5CE000131BF /* Faq.swift in Sources */,
				A2F066EF2696F9380066C1A8 /* Filters-Controller.swift in Sources */,
				A2C9374F26962AA600855283 /* ChangeLanguage-ViewModel.swift in Sources */,
				A20EE9E32694696600128096 /* OnboardScroll-ViewModel.swift in Sources */,
				945B15B525595DC9003A65E0 /* UITableViewCell.swift in Sources */,
				945B15BB25595DC9003A65E0 /* Window.swift in Sources */,
				A2761640269790A70000AF1C /* FilterAnswersCell.swift in Sources */,
				A2F066F9269702C50066C1A8 /* FiltersQuestionCell.swift in Sources */,
				A24BDD1A2695CAB600431E0A /* ChangePassword-Controller.swift in Sources */,
				945B15BC25595DC9003A65E0 /* ViewControllerHelper.swift in Sources */,
			);
			runOnlyForDeploymentPostprocessing = 0;
		};
/* End PBXSourcesBuildPhase section */

/* Begin PBXVariantGroup section */
		3147D61F241906FB00E741D3 /* Startup.storyboard */ = {
			isa = PBXVariantGroup;
			children = (
				3147D620241906FB00E741D3 /* Base */,
			);
			name = Startup.storyboard;
			sourceTree = "<group>";
		};
		3147D624241906FD00E741D3 /* LaunchScreen.storyboard */ = {
			isa = PBXVariantGroup;
			children = (
				3147D625241906FD00E741D3 /* Base */,
			);
			name = LaunchScreen.storyboard;
			sourceTree = "<group>";
		};
/* End PBXVariantGroup section */

/* Begin XCBuildConfiguration section */
		3147D628241906FD00E741D3 /* Debug */ = {
			isa = XCBuildConfiguration;
			buildSettings = {
				ALWAYS_SEARCH_USER_PATHS = NO;
				CLANG_ANALYZER_NONNULL = YES;
				CLANG_ANALYZER_NUMBER_OBJECT_CONVERSION = YES_AGGRESSIVE;
				CLANG_CXX_LANGUAGE_STANDARD = "gnu++14";
				CLANG_CXX_LIBRARY = "libc++";
				CLANG_ENABLE_MODULES = YES;
				CLANG_ENABLE_OBJC_ARC = YES;
				CLANG_ENABLE_OBJC_WEAK = YES;
				CLANG_WARN_BLOCK_CAPTURE_AUTORELEASING = YES;
				CLANG_WARN_BOOL_CONVERSION = YES;
				CLANG_WARN_COMMA = YES;
				CLANG_WARN_CONSTANT_CONVERSION = YES;
				CLANG_WARN_DEPRECATED_OBJC_IMPLEMENTATIONS = YES;
				CLANG_WARN_DIRECT_OBJC_ISA_USAGE = YES_ERROR;
				CLANG_WARN_DOCUMENTATION_COMMENTS = YES;
				CLANG_WARN_EMPTY_BODY = YES;
				CLANG_WARN_ENUM_CONVERSION = YES;
				CLANG_WARN_INFINITE_RECURSION = YES;
				CLANG_WARN_INT_CONVERSION = YES;
				CLANG_WARN_NON_LITERAL_NULL_CONVERSION = YES;
				CLANG_WARN_OBJC_IMPLICIT_RETAIN_SELF = YES;
				CLANG_WARN_OBJC_LITERAL_CONVERSION = YES;
				CLANG_WARN_OBJC_ROOT_CLASS = YES_ERROR;
				CLANG_WARN_RANGE_LOOP_ANALYSIS = YES;
				CLANG_WARN_STRICT_PROTOTYPES = YES;
				CLANG_WARN_SUSPICIOUS_MOVE = YES;
				CLANG_WARN_UNGUARDED_AVAILABILITY = YES_AGGRESSIVE;
				CLANG_WARN_UNREACHABLE_CODE = YES;
				CLANG_WARN__DUPLICATE_METHOD_MATCH = YES;
				COPY_PHASE_STRIP = NO;
				DEBUG_INFORMATION_FORMAT = dwarf;
				ENABLE_STRICT_OBJC_MSGSEND = YES;
				ENABLE_TESTABILITY = YES;
				GCC_C_LANGUAGE_STANDARD = gnu11;
				GCC_DYNAMIC_NO_PIC = NO;
				GCC_NO_COMMON_BLOCKS = YES;
				GCC_OPTIMIZATION_LEVEL = 0;
				GCC_PREPROCESSOR_DEFINITIONS = (
					"DEBUG=1",
					"$(inherited)",
				);
				GCC_WARN_64_TO_32_BIT_CONVERSION = YES;
				GCC_WARN_ABOUT_RETURN_TYPE = YES_ERROR;
				GCC_WARN_UNDECLARED_SELECTOR = YES;
				GCC_WARN_UNINITIALIZED_AUTOS = YES_AGGRESSIVE;
				GCC_WARN_UNUSED_FUNCTION = YES;
				GCC_WARN_UNUSED_VARIABLE = YES;
				IPHONEOS_DEPLOYMENT_TARGET = 13.2;
				MTL_ENABLE_DEBUG_INFO = INCLUDE_SOURCE;
				MTL_FAST_MATH = YES;
				ONLY_ACTIVE_ARCH = YES;
				SDKROOT = iphoneos;
				SWIFT_ACTIVE_COMPILATION_CONDITIONS = DEBUG;
				SWIFT_OPTIMIZATION_LEVEL = "-Onone";
			};
			name = Debug;
		};
		3147D629241906FD00E741D3 /* Release */ = {
			isa = XCBuildConfiguration;
			buildSettings = {
				ALWAYS_SEARCH_USER_PATHS = NO;
				CLANG_ANALYZER_NONNULL = YES;
				CLANG_ANALYZER_NUMBER_OBJECT_CONVERSION = YES_AGGRESSIVE;
				CLANG_CXX_LANGUAGE_STANDARD = "gnu++14";
				CLANG_CXX_LIBRARY = "libc++";
				CLANG_ENABLE_MODULES = YES;
				CLANG_ENABLE_OBJC_ARC = YES;
				CLANG_ENABLE_OBJC_WEAK = YES;
				CLANG_WARN_BLOCK_CAPTURE_AUTORELEASING = YES;
				CLANG_WARN_BOOL_CONVERSION = YES;
				CLANG_WARN_COMMA = YES;
				CLANG_WARN_CONSTANT_CONVERSION = YES;
				CLANG_WARN_DEPRECATED_OBJC_IMPLEMENTATIONS = YES;
				CLANG_WARN_DIRECT_OBJC_ISA_USAGE = YES_ERROR;
				CLANG_WARN_DOCUMENTATION_COMMENTS = YES;
				CLANG_WARN_EMPTY_BODY = YES;
				CLANG_WARN_ENUM_CONVERSION = YES;
				CLANG_WARN_INFINITE_RECURSION = YES;
				CLANG_WARN_INT_CONVERSION = YES;
				CLANG_WARN_NON_LITERAL_NULL_CONVERSION = YES;
				CLANG_WARN_OBJC_IMPLICIT_RETAIN_SELF = YES;
				CLANG_WARN_OBJC_LITERAL_CONVERSION = YES;
				CLANG_WARN_OBJC_ROOT_CLASS = YES_ERROR;
				CLANG_WARN_RANGE_LOOP_ANALYSIS = YES;
				CLANG_WARN_STRICT_PROTOTYPES = YES;
				CLANG_WARN_SUSPICIOUS_MOVE = YES;
				CLANG_WARN_UNGUARDED_AVAILABILITY = YES_AGGRESSIVE;
				CLANG_WARN_UNREACHABLE_CODE = YES;
				CLANG_WARN__DUPLICATE_METHOD_MATCH = YES;
				COPY_PHASE_STRIP = NO;
				DEBUG_INFORMATION_FORMAT = "dwarf-with-dsym";
				ENABLE_NS_ASSERTIONS = NO;
				ENABLE_STRICT_OBJC_MSGSEND = YES;
				GCC_C_LANGUAGE_STANDARD = gnu11;
				GCC_NO_COMMON_BLOCKS = YES;
				GCC_WARN_64_TO_32_BIT_CONVERSION = YES;
				GCC_WARN_ABOUT_RETURN_TYPE = YES_ERROR;
				GCC_WARN_UNDECLARED_SELECTOR = YES;
				GCC_WARN_UNINITIALIZED_AUTOS = YES_AGGRESSIVE;
				GCC_WARN_UNUSED_FUNCTION = YES;
				GCC_WARN_UNUSED_VARIABLE = YES;
				IPHONEOS_DEPLOYMENT_TARGET = 13.2;
				MTL_ENABLE_DEBUG_INFO = NO;
				MTL_FAST_MATH = YES;
				SDKROOT = iphoneos;
				SWIFT_COMPILATION_MODE = wholemodule;
				SWIFT_OPTIMIZATION_LEVEL = "-O";
				VALIDATE_PRODUCT = YES;
			};
			name = Release;
		};
		3147D62B241906FD00E741D3 /* Debug */ = {
			isa = XCBuildConfiguration;
			baseConfigurationReference = 4EB52597CD4FFE0A6118986D /* Pods-Template.debug.xcconfig */;
			buildSettings = {
				ASSETCATALOG_COMPILER_APPICON_NAME = AppIcon;
				CODE_SIGN_STYLE = Automatic;
				DEVELOPMENT_TEAM = 599R24CU35;
				INFOPLIST_FILE = Template/Info.plist;
				IPHONEOS_DEPLOYMENT_TARGET = 14.1;
				LD_RUNPATH_SEARCH_PATHS = (
					"$(inherited)",
					"@executable_path/Frameworks",
				);
				PRODUCT_BUNDLE_IDENTIFIER = BUNDLE;
				PRODUCT_NAME = "$(TARGET_NAME)";
				SWIFT_VERSION = 5.0;
				TARGETED_DEVICE_FAMILY = 1;
			};
			name = Debug;
		};
		3147D62C241906FD00E741D3 /* Release */ = {
			isa = XCBuildConfiguration;
			baseConfigurationReference = 02C00E7AF17CF769ACF2D8AF /* Pods-Template.release.xcconfig */;
			buildSettings = {
				ASSETCATALOG_COMPILER_APPICON_NAME = AppIcon;
				CODE_SIGN_STYLE = Automatic;
				DEVELOPMENT_TEAM = 599R24CU35;
				INFOPLIST_FILE = Template/Info.plist;
				IPHONEOS_DEPLOYMENT_TARGET = 14.1;
				LD_RUNPATH_SEARCH_PATHS = (
					"$(inherited)",
					"@executable_path/Frameworks",
				);
				PRODUCT_BUNDLE_IDENTIFIER = BUNDLE;
				PRODUCT_NAME = "$(TARGET_NAME)";
				SWIFT_VERSION = 5.0;
				TARGETED_DEVICE_FAMILY = 1;
			};
			name = Release;
		};
/* End XCBuildConfiguration section */

/* Begin XCConfigurationList section */
		3147D611241906FB00E741D3 /* Build configuration list for PBXProject "Template" */ = {
			isa = XCConfigurationList;
			buildConfigurations = (
				3147D628241906FD00E741D3 /* Debug */,
				3147D629241906FD00E741D3 /* Release */,
			);
			defaultConfigurationIsVisible = 0;
			defaultConfigurationName = Release;
		};
		3147D62A241906FD00E741D3 /* Build configuration list for PBXNativeTarget "Template" */ = {
			isa = XCConfigurationList;
			buildConfigurations = (
				3147D62B241906FD00E741D3 /* Debug */,
				3147D62C241906FD00E741D3 /* Release */,
			);
			defaultConfigurationIsVisible = 0;
			defaultConfigurationName = Release;
		};
/* End XCConfigurationList section */
	};
	rootObject = 3147D60E241906FB00E741D3 /* Project object */;
}
